
Microsoft Visual Studio Solution File, Format Version 12.00
# Visual Studio Version 17
VisualStudioVersion = 17.13.35806.99 d17.13
MinimumVisualStudioVersion = 10.0.40219.1
Project("{FAE04EC0-301F-11D3-BF4B-00C04F79EFBC}") = "BulkyWeb", "BulkyWeb\BulkyWeb.csproj", "{D8E3D43A-A476-4C0D-B575-D3C5754FB122}"
EndProject
Global
	GlobalSection(SolutionConfigurationPlatforms) = preSolution
		Debug|Any CPU = Debug|Any CPU
		Release|Any CPU = Release|Any CPU
	EndGlobalSection
	GlobalSection(ProjectConfigurationPlatforms) = postSolution
		{D8E3D43A-A476-4C0D-B575-D3C5754FB122}.Debug|Any CPU.ActiveCfg = Debug|Any CPU
		{D8E3D43A-A476-4C0D-B575-D3C5754FB122}.Debug|Any CPU.Build.0 = Debug|Any CPU
		{D8E3D43A-A476-4C0D-B575-D3C5754FB122}.Release|Any CPU.ActiveCfg = Release|Any CPU
		{D8E3D43A-A476-4C0D-B575-D3C5754FB122}.Release|Any CPU.Build.0 = Release|Any CPU
	EndGlobalSection
	GlobalSection(SolutionProperties) = preSolution
		HideSolutionNode = FALSE
	EndGlobalSection
	GlobalSection(ExtensibilityGlobals) = postSolution
		SolutionGuid = {D1A0E39B-C192-470E-AF22-560EC247205C}
	EndGlobalSection
EndGlobal
